{
    "version": 3,
    "terraform_version": "0.7.13",
    "serial": 7,
    "lineage": "2637f755-dd14-41c8-b039-90c2adfabe7b",
    "modules": [
        {
            "path": [
                "root"
            ],
            "outputs": {},
            "resources": {
                "aws_instance.example": {
                    "type": "aws_instance",
                    "depends_on": [],
                    "primary": {
                        "id": "i-0dc9cb4b18dc104ed",
                        "attributes": {
                            "ami": "ami-0d729a60",
                            "associate_public_ip_address": "true",
                            "availability_zone": "us-east-1a",
                            "disable_api_termination": "false",
                            "ebs_block_device.#": "0",
                            "ebs_optimized": "false",
                            "ephemeral_block_device.#": "0",
                            "iam_instance_profile": "",
                            "id": "i-0dc9cb4b18dc104ed",
                            "instance_state": "running",
                            "instance_type": "t2.micro",
                            "key_name": "lars",
                            "monitoring": "false",
                            "network_interface_id": "eni-3aa387fa",
                            "private_dns": "ip-172-31-16-150.ec2.internal",
                            "private_ip": "172.31.16.150",
                            "public_dns": "ec2-52-23-251-125.compute-1.amazonaws.com",
                            "public_ip": "52.23.251.125",
                            "root_block_device.#": "1",
                            "root_block_device.0.delete_on_termination": "true",
                            "root_block_device.0.iops": "0",
                            "root_block_device.0.volume_size": "8",
                            "root_block_device.0.volume_type": "standard",
                            "security_groups.#": "1",
                            "security_groups.3450080578": "lars",
                            "source_dest_check": "true",
                            "subnet_id": "subnet-5dfd0b05",
                            "tags.%": "0",
                            "tenancy": "default",
                            "vpc_security_group_ids.#": "0"
                        },
                        "meta": {
                            "schema_version": "1"
                        },
                        "tainted": false
                    },
                    "deposed": [],
                    "provider": ""
                }
            },
            "depends_on": []
        }
    ]
}
