{
    "version": 3,
    "terraform_version": "0.7.13",
    "serial": 8,
    "lineage": "2637f755-dd14-41c8-b039-90c2adfabe7b",
    "modules": [
        {
            "path": [
                "root"
            ],
            "outputs": {},
            "resources": {
                "aws_instance.example": {
                    "type": "aws_instance",
                    "depends_on": [],
                    "primary": {
                        "id": "i-0c031cc75b34e5342",
                        "attributes": {
                            "ami": "ami-b73b63a0",
                            "associate_public_ip_address": "true",
                            "availability_zone": "us-east-1c",
                            "disable_api_termination": "false",
                            "ebs_block_device.#": "0",
                            "ebs_optimized": "false",
                            "ephemeral_block_device.#": "0",
                            "iam_instance_profile": "",
                            "id": "i-0c031cc75b34e5342",
                            "instance_state": "running",
                            "instance_type": "t2.micro",
                            "key_name": "lars",
                            "monitoring": "false",
                            "network_interface_id": "eni-9ea2a360",
                            "private_dns": "ip-172-31-52-5.ec2.internal",
                            "private_ip": "172.31.52.5",
                            "public_dns": "ec2-54-157-4-194.compute-1.amazonaws.com",
                            "public_ip": "54.157.4.194",
                            "root_block_device.#": "1",
                            "root_block_device.0.delete_on_termination": "true",
                            "root_block_device.0.iops": "100",
                            "root_block_device.0.volume_size": "8",
                            "root_block_device.0.volume_type": "gp2",
                            "security_groups.#": "1",
                            "security_groups.3450080578": "lars",
                            "source_dest_check": "true",
                            "subnet_id": "subnet-94b053be",
                            "tags.%": "0",
                            "tenancy": "default",
                            "user_data": "a8754c8be92d28a0f6a0ddcd3ef5281ce0ef9375",
                            "vpc_security_group_ids.#": "0"
                        },
                        "meta": {
                            "schema_version": "1"
                        },
                        "tainted": false
                    },
                    "deposed": [],
                    "provider": ""
                }
            },
            "depends_on": []
        }
    ]
}
